
Microsoft Visual Studio Solution File, Format Version 12.00
# Visual Studio Version 16
VisualStudioVersion = 16.0.31702.278
MinimumVisualStudioVersion = 10.0.40219.1
Project("{8BC9CEB8-8B4A-11D0-8D11-00A0C91BC942}") = "2022-1-STL 월23수34", "2022-1-STL 월23수34\2022-1-STL 월23수34.vcxproj", "{B8F8A932-AE06-4552-B6FF-EC6C0D7222F4}"
EndProject
Global
	GlobalSection(SolutionConfigurationPlatforms) = preSolution
		Debug|x64 = Debug|x64
		Debug|x86 = Debug|x86
		Release|x64 = Release|x64
		Release|x86 = Release|x86
	EndGlobalSection
	GlobalSection(ProjectConfigurationPlatforms) = postSolution
		{B8F8A932-AE06-4552-B6FF-EC6C0D7222F4}.Debug|x64.ActiveCfg = Debug|x64
		{B8F8A932-AE06-4552-B6FF-EC6C0D7222F4}.Debug|x64.Build.0 = Debug|x64
		{B8F8A932-AE06-4552-B6FF-EC6C0D7222F4}.Debug|x86.ActiveCfg = Debug|Win32
		{B8F8A932-AE06-4552-B6FF-EC6C0D7222F4}.Debug|x86.Build.0 = Debug|Win32
		{B8F8A932-AE06-4552-B6FF-EC6C0D7222F4}.Release|x64.ActiveCfg = Release|x64
		{B8F8A932-AE06-4552-B6FF-EC6C0D7222F4}.Release|x64.Build.0 = Release|x64
		{B8F8A932-AE06-4552-B6FF-EC6C0D7222F4}.Release|x86.ActiveCfg = Release|Win32
		{B8F8A932-AE06-4552-B6FF-EC6C0D7222F4}.Release|x86.Build.0 = Release|Win32
	EndGlobalSection
	GlobalSection(SolutionProperties) = preSolution
		HideSolutionNode = FALSE
	EndGlobalSection
	GlobalSection(ExtensibilityGlobals) = postSolution
		SolutionGuid = {C3A1C3F6-F6D3-4309-8808-488D4BACF951}
	EndGlobalSection
EndGlobal
